
Microsoft Visual Studio Solution File, Format Version 12.00
# Visual Studio Version 16
VisualStudioVersion = 16.0.35026.282
MinimumVisualStudioVersion = 10.0.40219.1
Project("{FAE04EC0-301F-11D3-BF4B-00C04F79EFBC}") = "CRUD_Demo", "CRUD_Demo\CRUD_Demo.csproj", "{377E107E-1295-4D2C-BF1D-9282F979D70E}"
EndProject
Global
	GlobalSection(SolutionConfigurationPlatforms) = preSolution
		Debug|Any CPU = Debug|Any CPU
		Release|Any CPU = Release|Any CPU
	EndGlobalSection
	GlobalSection(ProjectConfigurationPlatforms) = postSolution
		{377E107E-1295-4D2C-BF1D-9282F979D70E}.Debug|Any CPU.ActiveCfg = Debug|Any CPU
		{377E107E-1295-4D2C-BF1D-9282F979D70E}.Debug|Any CPU.Build.0 = Debug|Any CPU
		{377E107E-1295-4D2C-BF1D-9282F979D70E}.Release|Any CPU.ActiveCfg = Release|Any CPU
		{377E107E-1295-4D2C-BF1D-9282F979D70E}.Release|Any CPU.Build.0 = Release|Any CPU
	EndGlobalSection
	GlobalSection(SolutionProperties) = preSolution
		HideSolutionNode = FALSE
	EndGlobalSection
	GlobalSection(ExtensibilityGlobals) = postSolution
		SolutionGuid = {51882008-6D94-40D1-ADA6-7F7A17C0DD02}
	EndGlobalSection
EndGlobal
